
Microsoft Visual Studio Solution File, Format Version 12.00
# Visual Studio Version 16
VisualStudioVersion = 16.0.31624.102
MinimumVisualStudioVersion = 10.0.40219.1
Project("{9A19103F-16F7-4668-BE54-9A1E7A4F7556}") = "PlatformService", "PlatformService.csproj", "{D36C5D69-9176-4415-8969-56D1DB382CA4}"
EndProject
Global
	GlobalSection(SolutionConfigurationPlatforms) = preSolution
		Debug|Any CPU = Debug|Any CPU
		Release|Any CPU = Release|Any CPU
	EndGlobalSection
	GlobalSection(ProjectConfigurationPlatforms) = postSolution
		{D36C5D69-9176-4415-8969-56D1DB382CA4}.Debug|Any CPU.ActiveCfg = Debug|Any CPU
		{D36C5D69-9176-4415-8969-56D1DB382CA4}.Debug|Any CPU.Build.0 = Debug|Any CPU
		{D36C5D69-9176-4415-8969-56D1DB382CA4}.Release|Any CPU.ActiveCfg = Release|Any CPU
		{D36C5D69-9176-4415-8969-56D1DB382CA4}.Release|Any CPU.Build.0 = Release|Any CPU
	EndGlobalSection
	GlobalSection(SolutionProperties) = preSolution
		HideSolutionNode = FALSE
	EndGlobalSection
	GlobalSection(ExtensibilityGlobals) = postSolution
		SolutionGuid = {60A0217F-C8C1-45A3-BB9B-D7569C6B511F}
	EndGlobalSection
EndGlobal
